<?xml version="1.0" encoding="utf-8"?>
<Project ToolsVersion="4.0" xmlns="http://schemas.microsoft.com/developer/msbuild/2003">
  <ItemGroup>
    <Filter Include="Source Files">
      <UniqueIdentifier>{4FC737F1-C7A5-4376-A066-2A32D752A2FF}</UniqueIdentifier>
      <Extensions>cpp;c;cc;cxx;def;odl;idl;hpj;bat;asm;asmx</Extensions>
    </Filter>
    <Filter Include="Header Files">
      <UniqueIdentifier>{93995380-89BD-4b04-88EB-625FBE52EBFB}</UniqueIdentifier>
      <Extensions>h;hh;hpp;hxx;hm;inl;inc;xsd</Extensions>
    </Filter>
    <Filter Include="Resource Files">
      <UniqueIdentifier>{67DA6AB6-F800-4c08-8B7A-83BB121AAD01}</UniqueIdentifier>
      <Extensions>rc;ico;cur;bmp;dlg;rc2;rct;bin;rgs;gif;jpg;jpeg;jpe;resx;tiff;tif;png;wav;mfcribbon-ms</Extensions>
    </Filter>
    <Filter Include="Form Files">
      <UniqueIdentifier>{99349809-55BA-4b9d-BF79-8FDBB0286EB3}</UniqueIdentifier>
      <Extensions>ui</Extensions>
    </Filter>
    <Filter Include="Resource Files">
      <UniqueIdentifier>{D9D6E242-F8AF-46E4-B9FD-80ECBC20BA3E}</UniqueIdentifier>
      <Extensions>qrc;*</Extensions>
      <ParseFiles>false</ParseFiles>
    </Filter>
  </ItemGroup>
  <ItemGroup>
    <QtRcc Include="expant.qrc">
      <Filter>Resource Files</Filter>
    </QtRcc>
    <QtUic Include="expant.ui">
      <Filter>Resource Files</Filter>
    </QtUic>
    <QtMoc Include="expant.h">
      <Filter>Header Files</Filter>
    </QtMoc>
    <ClCompile Include="expant.cpp">
      <Filter>Source Files</Filter>
    </ClCompile>
    <ClInclude Include="stdafx.h">
      <Filter>Header Files</Filter>
    </ClInclude>
    <ClCompile Include="stdafx.cpp">
      <Filter>Source Files</Filter>
    </ClCompile>
  </ItemGroup>
  <ItemGroup>
    <ClCompile Include="main.cpp">
      <Filter>Source Files</Filter>
    </ClCompile>
    <ClCompile Include="SQL\sqllite.cpp">
      <Filter>Source Files</Filter>
    </ClCompile>
    <ClCompile Include="socket\base64.cpp">
      <Filter>Source Files</Filter>
    </ClCompile>
    <ClCompile Include="socket\DataFrame.cpp">
      <Filter>Source Files</Filter>
    </ClCompile>
    <ClCompile Include="socket\SC_Server.cpp">
      <Filter>Source Files</Filter>
    </ClCompile>
    <ClCompile Include="socket\ScoketComm.cpp">
      <Filter>Source Files</Filter>
    </ClCompile>
    <ClCompile Include="socket\SHA1.cpp">
      <Filter>Source Files</Filter>
    </ClCompile>
    <ClCompile Include="socket\websocket_request.cpp">
      <Filter>Source Files</Filter>
    </ClCompile>
    <ClCompile Include="hardware\wmic.cpp">
      <Filter>Source Files</Filter>
    </ClCompile>
    <ClCompile Include="crypto\aes.cpp">
      <Filter>Source Files</Filter>
    </ClCompile>
  </ItemGroup>
  <ItemGroup>
    <ClInclude Include="dll\UsbDll.h">
      <Filter>Header Files</Filter>
    </ClInclude>
    <ClInclude Include="SQL\sqllite.h">
      <Filter>Header Files</Filter>
    </ClInclude>
    <ClInclude Include="util\uuid.hpp">
      <Filter>Header Files</Filter>
    </ClInclude>
    <ClInclude Include="socket\base64.h">
      <Filter>Header Files</Filter>
    </ClInclude>
    <ClInclude Include="socket\DataFrame.h">
      <Filter>Header Files</Filter>
    </ClInclude>
    <ClInclude Include="socket\SC_Server.h">
      <Filter>Header Files</Filter>
    </ClInclude>
    <ClInclude Include="socket\ScoketComm.h">
      <Filter>Header Files</Filter>
    </ClInclude>
    <ClInclude Include="socket\SHA1.h">
      <Filter>Header Files</Filter>
    </ClInclude>
    <ClInclude Include="socket\websocket_request.h">
      <Filter>Header Files</Filter>
    </ClInclude>
    <ClInclude Include="resource.h">
      <Filter>Header Files</Filter>
    </ClInclude>
    <ClInclude Include="util.hpp">
      <Filter>Header Files</Filter>
    </ClInclude>
    <ClInclude Include="hardware\wmic.h">
      <Filter>Header Files</Filter>
    </ClInclude>
    <ClInclude Include="crypto\aes.h">
      <Filter>Header Files</Filter>
    </ClInclude>
  </ItemGroup>
  <ItemGroup>
    <Library Include="dll\UsbDll.lib">
      <Filter>Resource Files</Filter>
    </Library>
  </ItemGroup>
  <ItemGroup>
    <None Include="cpp.hint" />
  </ItemGroup>
  <ItemGroup>
    <ResourceCompile Include="EXPANT.rc">
      <Filter>Resource Files</Filter>
    </ResourceCompile>
  </ItemGroup>
  <ItemGroup>
    <QtMoc Include="taskhandler.hpp">
      <Filter>Header Files</Filter>
    </QtMoc>
  </ItemGroup>
  <ItemGroup>
    <Image Include="logo.ico">
      <Filter>Resource Files</Filter>
    </Image>
  </ItemGroup>
</Project>